
Microsoft Visual Studio Solution File, Format Version 12.00
# Visual Studio Version 16
VisualStudioVersion = 16.0.30503.244
MinimumVisualStudioVersion = 10.0.40219.1
Project("{FAE04EC0-301F-11D3-BF4B-00C04F79EFBC}") = "lera1", "lera1.csproj", "{1F8ED1A3-2699-453C-A35E-77A3DCD9BA03}"
EndProject
Global
	GlobalSection(SolutionConfigurationPlatforms) = preSolution
		Debug|Any CPU = Debug|Any CPU
		Release|Any CPU = Release|Any CPU
	EndGlobalSection
	GlobalSection(ProjectConfigurationPlatforms) = postSolution
		{1F8ED1A3-2699-453C-A35E-77A3DCD9BA03}.Debug|Any CPU.ActiveCfg = Debug|Any CPU
		{1F8ED1A3-2699-453C-A35E-77A3DCD9BA03}.Debug|Any CPU.Build.0 = Debug|Any CPU
		{1F8ED1A3-2699-453C-A35E-77A3DCD9BA03}.Release|Any CPU.ActiveCfg = Release|Any CPU
		{1F8ED1A3-2699-453C-A35E-77A3DCD9BA03}.Release|Any CPU.Build.0 = Release|Any CPU
	EndGlobalSection
	GlobalSection(SolutionProperties) = preSolution
		HideSolutionNode = FALSE
	EndGlobalSection
	GlobalSection(ExtensibilityGlobals) = postSolution
		SolutionGuid = {60367DF9-2DFA-4531-A36E-A4CB81553FB5}
	EndGlobalSection
EndGlobal
